// !$*UTF8*$!
{
	archiveVersion = 1;
	classes = {
	};
	objectVersion = 50;
	objects = {

/* Begin PBXBuildFile section */
		1A3187C423B2138A007BFB8E /* AppDelegate.swift in Sources */ = {isa = PBXBuildFile; fileRef = 1A3187C323B2138A007BFB8E /* AppDelegate.swift */; };
		1A3187C623B2138A007BFB8E /* SceneDelegate.swift in Sources */ = {isa = PBXBuildFile; fileRef = 1A3187C523B2138A007BFB8E /* SceneDelegate.swift */; };
		1A3187C823B2138A007BFB8E /* ViewController.swift in Sources */ = {isa = PBXBuildFile; fileRef = 1A3187C723B2138A007BFB8E /* ViewController.swift */; };
		1A3187CB23B2138A007BFB8E /* Main.storyboard in Resources */ = {isa = PBXBuildFile; fileRef = 1A3187C923B2138A007BFB8E /* Main.storyboard */; };
		1A3187CD23B2138D007BFB8E /* Assets.xcassets in Resources */ = {isa = PBXBuildFile; fileRef = 1A3187CC23B2138D007BFB8E /* Assets.xcassets */; };
		1A3187D023B2138D007BFB8E /* LaunchScreen.storyboard in Resources */ = {isa = PBXBuildFile; fileRef = 1A3187CE23B2138D007BFB8E /* LaunchScreen.storyboard */; };
		1A3187DB23B2138D007BFB8E /* testFirebaseTests.swift in Sources */ = {isa = PBXBuildFile; fileRef = 1A3187DA23B2138D007BFB8E /* testFirebaseTests.swift */; };
		1A3187E623B2138D007BFB8E /* testFirebaseUITests.swift in Sources */ = {isa = PBXBuildFile; fileRef = 1A3187E523B2138D007BFB8E /* testFirebaseUITests.swift */; };
		1A31880823B21F62007BFB8E /* iOSFramework.framework in Frameworks */ = {isa = PBXBuildFile; fileRef = 1A3187FF23B21F62007BFB8E /* iOSFramework.framework */; };
		1A31880F23B21F62007BFB8E /* iOSFrameworkTests.swift in Sources */ = {isa = PBXBuildFile; fileRef = 1A31880E23B21F62007BFB8E /* iOSFrameworkTests.swift */; };
		1A31881123B21F62007BFB8E /* iOSFramework.h in Headers */ = {isa = PBXBuildFile; fileRef = 1A31880123B21F62007BFB8E /* iOSFramework.h */; settings = {ATTRIBUTES = (Public, ); }; };
		1A31882423B21FBE007BFB8E /* iOSStaticLib.swift in Sources */ = {isa = PBXBuildFile; fileRef = 1A31882323B21FBE007BFB8E /* iOSStaticLib.swift */; };
		1A31882823B2201F007BFB8E /* libiOSStaticLib.a in Frameworks */ = {isa = PBXBuildFile; fileRef = 1A31882123B21FBE007BFB8E /* libiOSStaticLib.a */; };
		1A31882D23B220BD007BFB8E /* Object.h in Headers */ = {isa = PBXBuildFile; fileRef = 1A31882B23B220BD007BFB8E /* Object.h */; settings = {ATTRIBUTES = (Public, ); }; };
		1A31882E23B220BD007BFB8E /* Object.m in Sources */ = {isa = PBXBuildFile; fileRef = 1A31882C23B220BD007BFB8E /* Object.m */; };
		1A31883F23B22306007BFB8E /* iOSFramework.framework in Frameworks */ = {isa = PBXBuildFile; fileRef = 1A3187FF23B21F62007BFB8E /* iOSFramework.framework */; };
		1A599BF223B5A41300BBA938 /* FirebaseAnalytics.framework in Frameworks */ = {isa = PBXBuildFile; fileRef = 1A599BF123B5A41300BBA938 /* FirebaseAnalytics.framework */; };
		99793FC700F89C1FDB5EC8EA /* Pods_testFirebaseTests.framework in Frameworks */ = {isa = PBXBuildFile; fileRef = 9DD0DC3831EDB924F3B76AEA /* Pods_testFirebaseTests.framework */; };
		9B0EAE3B1EDD97E81DAED4C8 /* Pods_testFirebaseUITests.framework in Frameworks */ = {isa = PBXBuildFile; fileRef = 0AEA02F1C2D47203828D49E1 /* Pods_testFirebaseUITests.framework */; };
		FF47A973981E4151DB879B99 /* Pods_testFirebase.framework in Frameworks */ = {isa = PBXBuildFile; fileRef = D79249C7C1A8ADE615A9A514 /* Pods_testFirebase.framework */; };
/* End PBXBuildFile section */

/* Begin PBXContainerItemProxy section */
		1A3187D723B2138D007BFB8E /* PBXContainerItemProxy */ = {
			isa = PBXContainerItemProxy;
			containerPortal = 1A3187B823B2138A007BFB8E /* Project object */;
			proxyType = 1;
			remoteGlobalIDString = 1A3187BF23B2138A007BFB8E;
			remoteInfo = testFirebase;
		};
		1A3187E223B2138D007BFB8E /* PBXContainerItemProxy */ = {
			isa = PBXContainerItemProxy;
			containerPortal = 1A3187B823B2138A007BFB8E /* Project object */;
			proxyType = 1;
			remoteGlobalIDString = 1A3187BF23B2138A007BFB8E;
			remoteInfo = testFirebase;
		};
		1A31880923B21F62007BFB8E /* PBXContainerItemProxy */ = {
			isa = PBXContainerItemProxy;
			containerPortal = 1A3187B823B2138A007BFB8E /* Project object */;
			proxyType = 1;
			remoteGlobalIDString = 1A3187FE23B21F62007BFB8E;
			remoteInfo = iOSFramework;
		};
		1A31880B23B21F62007BFB8E /* PBXContainerItemProxy */ = {
			isa = PBXContainerItemProxy;
			containerPortal = 1A3187B823B2138A007BFB8E /* Project object */;
			proxyType = 1;
			remoteGlobalIDString = 1A3187BF23B2138A007BFB8E;
			remoteInfo = testFirebase;
		};
		1A31882923B2201F007BFB8E /* PBXContainerItemProxy */ = {
			isa = PBXContainerItemProxy;
			containerPortal = 1A3187B823B2138A007BFB8E /* Project object */;
			proxyType = 1;
			remoteGlobalIDString = 1A31882023B21FBE007BFB8E;
			remoteInfo = iOSStaticLib;
		};
		1A31883C23B2223F007BFB8E /* PBXContainerItemProxy */ = {
			isa = PBXContainerItemProxy;
			containerPortal = 1A3187B823B2138A007BFB8E /* Project object */;
			proxyType = 1;
			remoteGlobalIDString = 1A3187FE23B21F62007BFB8E;
			remoteInfo = iOSFramework;
		};
/* End PBXContainerItemProxy section */

/* Begin PBXCopyFilesBuildPhase section */
		1A31881F23B21FBE007BFB8E /* CopyFiles */ = {
			isa = PBXCopyFilesBuildPhase;
			buildActionMask = 2147483647;
			dstPath = "include/$(PRODUCT_NAME)";
			dstSubfolderSpec = 16;
			files = (
			);
			runOnlyForDeploymentPostprocessing = 0;
		};
/* End PBXCopyFilesBuildPhase section */

/* Begin PBXFileReference section */
		0AEA02F1C2D47203828D49E1 /* Pods_testFirebaseUITests.framework */ = {isa = PBXFileReference; explicitFileType = wrapper.framework; includeInIndex = 0; path = Pods_testFirebaseUITests.framework; sourceTree = BUILT_PRODUCTS_DIR; };
		1A3187C023B2138A007BFB8E /* testFirebase.app */ = {isa = PBXFileReference; explicitFileType = wrapper.application; includeInIndex = 0; path = testFirebase.app; sourceTree = BUILT_PRODUCTS_DIR; };
		1A3187C323B2138A007BFB8E /* AppDelegate.swift */ = {isa = PBXFileReference; lastKnownFileType = sourcecode.swift; path = AppDelegate.swift; sourceTree = "<group>"; };
		1A3187C523B2138A007BFB8E /* SceneDelegate.swift */ = {isa = PBXFileReference; lastKnownFileType = sourcecode.swift; path = SceneDelegate.swift; sourceTree = "<group>"; };
		1A3187C723B2138A007BFB8E /* ViewController.swift */ = {isa = PBXFileReference; lastKnownFileType = sourcecode.swift; path = ViewController.swift; sourceTree = "<group>"; };
		1A3187CA23B2138A007BFB8E /* Base */ = {isa = PBXFileReference; lastKnownFileType = file.storyboard; name = Base; path = Base.lproj/Main.storyboard; sourceTree = "<group>"; };
		1A3187CC23B2138D007BFB8E /* Assets.xcassets */ = {isa = PBXFileReference; lastKnownFileType = folder.assetcatalog; path = Assets.xcassets; sourceTree = "<group>"; };
		1A3187CF23B2138D007BFB8E /* Base */ = {isa = PBXFileReference; lastKnownFileType = file.storyboard; name = Base; path = Base.lproj/LaunchScreen.storyboard; sourceTree = "<group>"; };
		1A3187D123B2138D007BFB8E /* Info.plist */ = {isa = PBXFileReference; lastKnownFileType = text.plist.xml; path = Info.plist; sourceTree = "<group>"; };
		1A3187D623B2138D007BFB8E /* testFirebaseTests.xctest */ = {isa = PBXFileReference; explicitFileType = wrapper.cfbundle; includeInIndex = 0; path = testFirebaseTests.xctest; sourceTree = BUILT_PRODUCTS_DIR; };
		1A3187DA23B2138D007BFB8E /* testFirebaseTests.swift */ = {isa = PBXFileReference; lastKnownFileType = sourcecode.swift; path = testFirebaseTests.swift; sourceTree = "<group>"; };
		1A3187DC23B2138D007BFB8E /* Info.plist */ = {isa = PBXFileReference; lastKnownFileType = text.plist.xml; path = Info.plist; sourceTree = "<group>"; };
		1A3187E123B2138D007BFB8E /* testFirebaseUITests.xctest */ = {isa = PBXFileReference; explicitFileType = wrapper.cfbundle; includeInIndex = 0; path = testFirebaseUITests.xctest; sourceTree = BUILT_PRODUCTS_DIR; };
		1A3187E523B2138D007BFB8E /* testFirebaseUITests.swift */ = {isa = PBXFileReference; lastKnownFileType = sourcecode.swift; path = testFirebaseUITests.swift; sourceTree = "<group>"; };
		1A3187E723B2138D007BFB8E /* Info.plist */ = {isa = PBXFileReference; lastKnownFileType = text.plist.xml; path = Info.plist; sourceTree = "<group>"; };
		1A3187F323B214B8007BFB8E /* testFirebase.entitlements */ = {isa = PBXFileReference; lastKnownFileType = text.plist.entitlements; path = testFirebase.entitlements; sourceTree = "<group>"; };
		1A3187FF23B21F62007BFB8E /* iOSFramework.framework */ = {isa = PBXFileReference; explicitFileType = wrapper.framework; includeInIndex = 0; path = iOSFramework.framework; sourceTree = BUILT_PRODUCTS_DIR; };
		1A31880123B21F62007BFB8E /* iOSFramework.h */ = {isa = PBXFileReference; lastKnownFileType = sourcecode.c.h; path = iOSFramework.h; sourceTree = "<group>"; };
		1A31880223B21F62007BFB8E /* Info.plist */ = {isa = PBXFileReference; lastKnownFileType = text.plist.xml; path = Info.plist; sourceTree = "<group>"; };
		1A31880723B21F62007BFB8E /* iOSFrameworkTests.xctest */ = {isa = PBXFileReference; explicitFileType = wrapper.cfbundle; includeInIndex = 0; path = iOSFrameworkTests.xctest; sourceTree = BUILT_PRODUCTS_DIR; };
		1A31880E23B21F62007BFB8E /* iOSFrameworkTests.swift */ = {isa = PBXFileReference; lastKnownFileType = sourcecode.swift; path = iOSFrameworkTests.swift; sourceTree = "<group>"; };
		1A31881023B21F62007BFB8E /* Info.plist */ = {isa = PBXFileReference; lastKnownFileType = text.plist.xml; path = Info.plist; sourceTree = "<group>"; };
		1A31882123B21FBE007BFB8E /* libiOSStaticLib.a */ = {isa = PBXFileReference; explicitFileType = archive.ar; includeInIndex = 0; path = libiOSStaticLib.a; sourceTree = BUILT_PRODUCTS_DIR; };
		1A31882323B21FBE007BFB8E /* iOSStaticLib.swift */ = {isa = PBXFileReference; lastKnownFileType = sourcecode.swift; path = iOSStaticLib.swift; sourceTree = "<group>"; };
		1A31882B23B220BD007BFB8E /* Object.h */ = {isa = PBXFileReference; lastKnownFileType = sourcecode.c.h; path = Object.h; sourceTree = "<group>"; };
		1A31882C23B220BD007BFB8E /* Object.m */ = {isa = PBXFileReference; lastKnownFileType = sourcecode.c.objc; path = Object.m; sourceTree = "<group>"; };
		1A31882F23B22127007BFB8E /* testFirebase-Bridging-Header.h */ = {isa = PBXFileReference; lastKnownFileType = sourcecode.c.h; path = "testFirebase-Bridging-Header.h"; sourceTree = "<group>"; };
		1A599BF123B5A41300BBA938 /* FirebaseAnalytics.framework */ = {isa = PBXFileReference; lastKnownFileType = wrapper.framework; path = FirebaseAnalytics.framework; sourceTree = "<group>"; };
		1E00961190BE6CA9D656C9B1 /* Pods-testFirebaseUITests.debug.xcconfig */ = {isa = PBXFileReference; includeInIndex = 1; lastKnownFileType = text.xcconfig; name = "Pods-testFirebaseUITests.debug.xcconfig"; path = "Target Support Files/Pods-testFirebaseUITests/Pods-testFirebaseUITests.debug.xcconfig"; sourceTree = "<group>"; };
		3E7C436A03891B11CEE8C7FE /* Pods-testFirebase.debug.xcconfig */ = {isa = PBXFileReference; includeInIndex = 1; lastKnownFileType = text.xcconfig; name = "Pods-testFirebase.debug.xcconfig"; path = "Target Support Files/Pods-testFirebase/Pods-testFirebase.debug.xcconfig"; sourceTree = "<group>"; };
		513EADD811D5AFC9AA2E7C85 /* Pods-testFirebase.release.xcconfig */ = {isa = PBXFileReference; includeInIndex = 1; lastKnownFileType = text.xcconfig; name = "Pods-testFirebase.release.xcconfig"; path = "Target Support Files/Pods-testFirebase/Pods-testFirebase.release.xcconfig"; sourceTree = "<group>"; };
		63F2565DAD450A0A859F5F50 /* Pods-testFirebaseTests.debug.xcconfig */ = {isa = PBXFileReference; includeInIndex = 1; lastKnownFileType = text.xcconfig; name = "Pods-testFirebaseTests.debug.xcconfig"; path = "Target Support Files/Pods-testFirebaseTests/Pods-testFirebaseTests.debug.xcconfig"; sourceTree = "<group>"; };
		9DD0DC3831EDB924F3B76AEA /* Pods_testFirebaseTests.framework */ = {isa = PBXFileReference; explicitFileType = wrapper.framework; includeInIndex = 0; path = Pods_testFirebaseTests.framework; sourceTree = BUILT_PRODUCTS_DIR; };
		A6C05B81A9C6DF2AB315FBD6 /* Pods-testFirebaseUITests.release.xcconfig */ = {isa = PBXFileReference; includeInIndex = 1; lastKnownFileType = text.xcconfig; name = "Pods-testFirebaseUITests.release.xcconfig"; path = "Target Support Files/Pods-testFirebaseUITests/Pods-testFirebaseUITests.release.xcconfig"; sourceTree = "<group>"; };
		D79249C7C1A8ADE615A9A514 /* Pods_testFirebase.framework */ = {isa = PBXFileReference; explicitFileType = wrapper.framework; includeInIndex = 0; path = Pods_testFirebase.framework; sourceTree = BUILT_PRODUCTS_DIR; };
		F2EBEB96E50CD852B256C95D /* Pods-testFirebaseTests.release.xcconfig */ = {isa = PBXFileReference; includeInIndex = 1; lastKnownFileType = text.xcconfig; name = "Pods-testFirebaseTests.release.xcconfig"; path = "Target Support Files/Pods-testFirebaseTests/Pods-testFirebaseTests.release.xcconfig"; sourceTree = "<group>"; };
/* End PBXFileReference section */

/* Begin PBXFrameworksBuildPhase section */
		1A3187BD23B2138A007BFB8E /* Frameworks */ = {
			isa = PBXFrameworksBuildPhase;
			buildActionMask = 2147483647;
			files = (
				1A599BF223B5A41300BBA938 /* FirebaseAnalytics.framework in Frameworks */,
				FF47A973981E4151DB879B99 /* Pods_testFirebase.framework in Frameworks */,
				1A31882823B2201F007BFB8E /* libiOSStaticLib.a in Frameworks */,
				1A31883F23B22306007BFB8E /* iOSFramework.framework in Frameworks */,
			);
			runOnlyForDeploymentPostprocessing = 0;
		};
		1A3187D323B2138D007BFB8E /* Frameworks */ = {
			isa = PBXFrameworksBuildPhase;
			buildActionMask = 2147483647;
			files = (
				99793FC700F89C1FDB5EC8EA /* Pods_testFirebaseTests.framework in Frameworks */,
			);
			runOnlyForDeploymentPostprocessing = 0;
		};
		1A3187DE23B2138D007BFB8E /* Frameworks */ = {
			isa = PBXFrameworksBuildPhase;
			buildActionMask = 2147483647;
			files = (
				9B0EAE3B1EDD97E81DAED4C8 /* Pods_testFirebaseUITests.framework in Frameworks */,
			);
			runOnlyForDeploymentPostprocessing = 0;
		};
		1A3187FC23B21F62007BFB8E /* Frameworks */ = {
			isa = PBXFrameworksBuildPhase;
			buildActionMask = 2147483647;
			files = (
			);
			runOnlyForDeploymentPostprocessing = 0;
		};
		1A31880423B21F62007BFB8E /* Frameworks */ = {
			isa = PBXFrameworksBuildPhase;
			buildActionMask = 2147483647;
			files = (
				1A31880823B21F62007BFB8E /* iOSFramework.framework in Frameworks */,
			);
			runOnlyForDeploymentPostprocessing = 0;
		};
		1A31881E23B21FBE007BFB8E /* Frameworks */ = {
			isa = PBXFrameworksBuildPhase;
			buildActionMask = 2147483647;
			files = (
			);
			runOnlyForDeploymentPostprocessing = 0;
		};
/* End PBXFrameworksBuildPhase section */

/* Begin PBXGroup section */
		16E10F6E6F3932F15878999C /* Frameworks */ = {
			isa = PBXGroup;
			children = (
				D79249C7C1A8ADE615A9A514 /* Pods_testFirebase.framework */,
				9DD0DC3831EDB924F3B76AEA /* Pods_testFirebaseTests.framework */,
				0AEA02F1C2D47203828D49E1 /* Pods_testFirebaseUITests.framework */,
			);
			name = Frameworks;
			sourceTree = "<group>";
		};
		1A3187B723B2138A007BFB8E = {
			isa = PBXGroup;
			children = (
				1A3187C223B2138A007BFB8E /* testFirebase */,
				1A3187D923B2138D007BFB8E /* testFirebaseTests */,
				1A3187E423B2138D007BFB8E /* testFirebaseUITests */,
				1A31880023B21F62007BFB8E /* iOSFramework */,
				1A31880D23B21F62007BFB8E /* iOSFrameworkTests */,
				1A31882223B21FBE007BFB8E /* iOSStaticLib */,
				1A3187C123B2138A007BFB8E /* Products */,
				CD76FAE85C67367856ADA8FC /* Pods */,
				16E10F6E6F3932F15878999C /* Frameworks */,
			);
			sourceTree = "<group>";
		};
		1A3187C123B2138A007BFB8E /* Products */ = {
			isa = PBXGroup;
			children = (
				1A3187C023B2138A007BFB8E /* testFirebase.app */,
				1A3187D623B2138D007BFB8E /* testFirebaseTests.xctest */,
				1A3187E123B2138D007BFB8E /* testFirebaseUITests.xctest */,
				1A3187FF23B21F62007BFB8E /* iOSFramework.framework */,
				1A31880723B21F62007BFB8E /* iOSFrameworkTests.xctest */,
				1A31882123B21FBE007BFB8E /* libiOSStaticLib.a */,
			);
			name = Products;
			sourceTree = "<group>";
		};
		1A3187C223B2138A007BFB8E /* testFirebase */ = {
			isa = PBXGroup;
			children = (
				1A599BF123B5A41300BBA938 /* FirebaseAnalytics.framework */,
				1A3187F323B214B8007BFB8E /* testFirebase.entitlements */,
				1A3187C323B2138A007BFB8E /* AppDelegate.swift */,
				1A3187C523B2138A007BFB8E /* SceneDelegate.swift */,
				1A3187C723B2138A007BFB8E /* ViewController.swift */,
				1A3187C923B2138A007BFB8E /* Main.storyboard */,
				1A3187CC23B2138D007BFB8E /* Assets.xcassets */,
				1A3187CE23B2138D007BFB8E /* LaunchScreen.storyboard */,
				1A3187D123B2138D007BFB8E /* Info.plist */,
				1A31882F23B22127007BFB8E /* testFirebase-Bridging-Header.h */,
			);
			path = testFirebase;
			sourceTree = "<group>";
		};
		1A3187D923B2138D007BFB8E /* testFirebaseTests */ = {
			isa = PBXGroup;
			children = (
				1A3187DA23B2138D007BFB8E /* testFirebaseTests.swift */,
				1A3187DC23B2138D007BFB8E /* Info.plist */,
			);
			path = testFirebaseTests;
			sourceTree = "<group>";
		};
		1A3187E423B2138D007BFB8E /* testFirebaseUITests */ = {
			isa = PBXGroup;
			children = (
				1A3187E523B2138D007BFB8E /* testFirebaseUITests.swift */,
				1A3187E723B2138D007BFB8E /* Info.plist */,
			);
			path = testFirebaseUITests;
			sourceTree = "<group>";
		};
		1A31880023B21F62007BFB8E /* iOSFramework */ = {
			isa = PBXGroup;
			children = (
				1A31880123B21F62007BFB8E /* iOSFramework.h */,
				1A31882B23B220BD007BFB8E /* Object.h */,
				1A31882C23B220BD007BFB8E /* Object.m */,
				1A31880223B21F62007BFB8E /* Info.plist */,
			);
			path = iOSFramework;
			sourceTree = "<group>";
		};
		1A31880D23B21F62007BFB8E /* iOSFrameworkTests */ = {
			isa = PBXGroup;
			children = (
				1A31880E23B21F62007BFB8E /* iOSFrameworkTests.swift */,
				1A31881023B21F62007BFB8E /* Info.plist */,
			);
			path = iOSFrameworkTests;
			sourceTree = "<group>";
		};
		1A31882223B21FBE007BFB8E /* iOSStaticLib */ = {
			isa = PBXGroup;
			children = (
				1A31882323B21FBE007BFB8E /* iOSStaticLib.swift */,
			);
			path = iOSStaticLib;
			sourceTree = "<group>";
		};
		CD76FAE85C67367856ADA8FC /* Pods */ = {
			isa = PBXGroup;
			children = (
				3E7C436A03891B11CEE8C7FE /* Pods-testFirebase.debug.xcconfig */,
				513EADD811D5AFC9AA2E7C85 /* Pods-testFirebase.release.xcconfig */,
				63F2565DAD450A0A859F5F50 /* Pods-testFirebaseTests.debug.xcconfig */,
				F2EBEB96E50CD852B256C95D /* Pods-testFirebaseTests.release.xcconfig */,
				1E00961190BE6CA9D656C9B1 /* Pods-testFirebaseUITests.debug.xcconfig */,
				A6C05B81A9C6DF2AB315FBD6 /* Pods-testFirebaseUITests.release.xcconfig */,
			);
			path = Pods;
			sourceTree = "<group>";
		};
/* End PBXGroup section */

/* Begin PBXHeadersBuildPhase section */
		1A3187FA23B21F62007BFB8E /* Headers */ = {
			isa = PBXHeadersBuildPhase;
			buildActionMask = 2147483647;
			files = (
				1A31881123B21F62007BFB8E /* iOSFramework.h in Headers */,
				1A31882D23B220BD007BFB8E /* Object.h in Headers */,
			);
			runOnlyForDeploymentPostprocessing = 0;
		};
/* End PBXHeadersBuildPhase section */

/* Begin PBXNativeTarget section */
		1A3187BF23B2138A007BFB8E /* testFirebase */ = {
			isa = PBXNativeTarget;
			buildConfigurationList = 1A3187EA23B2138D007BFB8E /* Build configuration list for PBXNativeTarget "testFirebase" */;
			buildPhases = (
				7D692CB8C185E4A77FC0D25C /* [CP] Check Pods Manifest.lock */,
				1A3187BC23B2138A007BFB8E /* Sources */,
				1A3187BD23B2138A007BFB8E /* Frameworks */,
				1A3187BE23B2138A007BFB8E /* Resources */,
				0B371573C17F2F157B8FC866 /* [CP] Embed Pods Frameworks */,
			);
			buildRules = (
			);
			dependencies = (
				1A31882A23B2201F007BFB8E /* PBXTargetDependency */,
				1A31883D23B2223F007BFB8E /* PBXTargetDependency */,
			);
			name = testFirebase;
			productName = testFirebase;
			productReference = 1A3187C023B2138A007BFB8E /* testFirebase.app */;
			productType = "com.apple.product-type.application";
		};
		1A3187D523B2138D007BFB8E /* testFirebaseTests */ = {
			isa = PBXNativeTarget;
			buildConfigurationList = 1A3187ED23B2138D007BFB8E /* Build configuration list for PBXNativeTarget "testFirebaseTests" */;
			buildPhases = (
				B49A2C97827B6D1439FCEB0D /* [CP] Check Pods Manifest.lock */,
				1A3187D223B2138D007BFB8E /* Sources */,
				1A3187D323B2138D007BFB8E /* Frameworks */,
				1A3187D423B2138D007BFB8E /* Resources */,
			);
			buildRules = (
			);
			dependencies = (
				1A3187D823B2138D007BFB8E /* PBXTargetDependency */,
			);
			name = testFirebaseTests;
			productName = testFirebaseTests;
			productReference = 1A3187D623B2138D007BFB8E /* testFirebaseTests.xctest */;
			productType = "com.apple.product-type.bundle.unit-test";
		};
		1A3187E023B2138D007BFB8E /* testFirebaseUITests */ = {
			isa = PBXNativeTarget;
			buildConfigurationList = 1A3187F023B2138D007BFB8E /* Build configuration list for PBXNativeTarget "testFirebaseUITests" */;
			buildPhases = (
				8E70901D1199350E0FABDCB3 /* [CP] Check Pods Manifest.lock */,
				1A3187DD23B2138D007BFB8E /* Sources */,
				1A3187DE23B2138D007BFB8E /* Frameworks */,
				1A3187DF23B2138D007BFB8E /* Resources */,
			);
			buildRules = (
			);
			dependencies = (
				1A3187E323B2138D007BFB8E /* PBXTargetDependency */,
			);
			name = testFirebaseUITests;
			productName = testFirebaseUITests;
			productReference = 1A3187E123B2138D007BFB8E /* testFirebaseUITests.xctest */;
			productType = "com.apple.product-type.bundle.ui-testing";
		};
		1A3187FE23B21F62007BFB8E /* iOSFramework */ = {
			isa = PBXNativeTarget;
			buildConfigurationList = 1A31881623B21F62007BFB8E /* Build configuration list for PBXNativeTarget "iOSFramework" */;
			buildPhases = (
				1A3187FA23B21F62007BFB8E /* Headers */,
				1A3187FB23B21F62007BFB8E /* Sources */,
				1A3187FC23B21F62007BFB8E /* Frameworks */,
				1A3187FD23B21F62007BFB8E /* Resources */,
			);
			buildRules = (
			);
			dependencies = (
			);
			name = iOSFramework;
			productName = iOSFramework;
			productReference = 1A3187FF23B21F62007BFB8E /* iOSFramework.framework */;
			productType = "com.apple.product-type.framework";
		};
		1A31880623B21F62007BFB8E /* iOSFrameworkTests */ = {
			isa = PBXNativeTarget;
			buildConfigurationList = 1A31881A23B21F62007BFB8E /* Build configuration list for PBXNativeTarget "iOSFrameworkTests" */;
			buildPhases = (
				1A31880323B21F62007BFB8E /* Sources */,
				1A31880423B21F62007BFB8E /* Frameworks */,
				1A31880523B21F62007BFB8E /* Resources */,
			);
			buildRules = (
			);
			dependencies = (
				1A31880A23B21F62007BFB8E /* PBXTargetDependency */,
				1A31880C23B21F62007BFB8E /* PBXTargetDependency */,
			);
			name = iOSFrameworkTests;
			productName = iOSFrameworkTests;
			productReference = 1A31880723B21F62007BFB8E /* iOSFrameworkTests.xctest */;
			productType = "com.apple.product-type.bundle.unit-test";
		};
		1A31882023B21FBE007BFB8E /* iOSStaticLib */ = {
			isa = PBXNativeTarget;
			buildConfigurationList = 1A31882523B21FBE007BFB8E /* Build configuration list for PBXNativeTarget "iOSStaticLib" */;
			buildPhases = (
				1A31881D23B21FBE007BFB8E /* Sources */,
				1A31881E23B21FBE007BFB8E /* Frameworks */,
				1A31881F23B21FBE007BFB8E /* CopyFiles */,
			);
			buildRules = (
			);
			dependencies = (
			);
			name = iOSStaticLib;
			productName = iOSStaticLib;
			productReference = 1A31882123B21FBE007BFB8E /* libiOSStaticLib.a */;
			productType = "com.apple.product-type.library.static";
		};
/* End PBXNativeTarget section */

/* Begin PBXProject section */
		1A3187B823B2138A007BFB8E /* Project object */ = {
			isa = PBXProject;
			attributes = {
				LastSwiftUpdateCheck = 1110;
				LastUpgradeCheck = 1110;
				ORGANIZATIONNAME = "James Tang";
				TargetAttributes = {
					1A3187BF23B2138A007BFB8E = {
						CreatedOnToolsVersion = 11.1;
						LastSwiftMigration = 1110;
					};
					1A3187D523B2138D007BFB8E = {
						CreatedOnToolsVersion = 11.1;
						TestTargetID = 1A3187BF23B2138A007BFB8E;
					};
					1A3187E023B2138D007BFB8E = {
						CreatedOnToolsVersion = 11.1;
						TestTargetID = 1A3187BF23B2138A007BFB8E;
					};
					1A3187FE23B21F62007BFB8E = {
						CreatedOnToolsVersion = 11.1;
					};
					1A31880623B21F62007BFB8E = {
						CreatedOnToolsVersion = 11.1;
						TestTargetID = 1A3187BF23B2138A007BFB8E;
					};
					1A31882023B21FBE007BFB8E = {
						CreatedOnToolsVersion = 11.1;
					};
				};
			};
			buildConfigurationList = 1A3187BB23B2138A007BFB8E /* Build configuration list for PBXProject "testFirebase" */;
			compatibilityVersion = "Xcode 9.3";
			developmentRegion = en;
			hasScannedForEncodings = 0;
			knownRegions = (
				en,
				Base,
			);
			mainGroup = 1A3187B723B2138A007BFB8E;
			productRefGroup = 1A3187C123B2138A007BFB8E /* Products */;
			projectDirPath = "";
			projectRoot = "";
			targets = (
				1A3187BF23B2138A007BFB8E /* testFirebase */,
				1A3187D523B2138D007BFB8E /* testFirebaseTests */,
				1A3187E023B2138D007BFB8E /* testFirebaseUITests */,
				1A3187FE23B21F62007BFB8E /* iOSFramework */,
				1A31880623B21F62007BFB8E /* iOSFrameworkTests */,
				1A31882023B21FBE007BFB8E /* iOSStaticLib */,
			);
		};
/* End PBXProject section */

/* Begin PBXResourcesBuildPhase section */
		1A3187BE23B2138A007BFB8E /* Resources */ = {
			isa = PBXResourcesBuildPhase;
			buildActionMask = 2147483647;
			files = (
				1A3187D023B2138D007BFB8E /* LaunchScreen.storyboard in Resources */,
				1A3187CD23B2138D007BFB8E /* Assets.xcassets in Resources */,
				1A3187CB23B2138A007BFB8E /* Main.storyboard in Resources */,
			);
			runOnlyForDeploymentPostprocessing = 0;
		};
		1A3187D423B2138D007BFB8E /* Resources */ = {
			isa = PBXResourcesBuildPhase;
			buildActionMask = 2147483647;
			files = (
			);
			runOnlyForDeploymentPostprocessing = 0;
		};
		1A3187DF23B2138D007BFB8E /* Resources */ = {
			isa = PBXResourcesBuildPhase;
			buildActionMask = 2147483647;
			files = (
			);
			runOnlyForDeploymentPostprocessing = 0;
		};
		1A3187FD23B21F62007BFB8E /* Resources */ = {
			isa = PBXResourcesBuildPhase;
			buildActionMask = 2147483647;
			files = (
			);
			runOnlyForDeploymentPostprocessing = 0;
		};
		1A31880523B21F62007BFB8E /* Resources */ = {
			isa = PBXResourcesBuildPhase;
			buildActionMask = 2147483647;
			files = (
			);
			runOnlyForDeploymentPostprocessing = 0;
		};
/* End PBXResourcesBuildPhase section */

/* Begin PBXShellScriptBuildPhase section */
		0B371573C17F2F157B8FC866 /* [CP] Embed Pods Frameworks */ = {
			isa = PBXShellScriptBuildPhase;
			buildActionMask = 2147483647;
			files = (
			);
			inputFileListPaths = (
			);
			name = "[CP] Embed Pods Frameworks";
			outputFileListPaths = (
			);
			runOnlyForDeploymentPostprocessing = 0;
			shellPath = /bin/sh;
			shellScript = "\"${PODS_ROOT}/Target Support Files/Pods-testFirebase/Pods-testFirebase-frameworks.sh\"\n";
			showEnvVarsInLog = 0;
		};
		7D692CB8C185E4A77FC0D25C /* [CP] Check Pods Manifest.lock */ = {
			isa = PBXShellScriptBuildPhase;
			buildActionMask = 2147483647;
			files = (
			);
			inputFileListPaths = (
			);
			inputPaths = (
				"${PODS_PODFILE_DIR_PATH}/Podfile.lock",
				"${PODS_ROOT}/Manifest.lock",
			);
			name = "[CP] Check Pods Manifest.lock";
			outputFileListPaths = (
			);
			outputPaths = (
				"$(DERIVED_FILE_DIR)/Pods-testFirebase-checkManifestLockResult.txt",
			);
			runOnlyForDeploymentPostprocessing = 0;
			shellPath = /bin/sh;
			shellScript = "diff \"${PODS_PODFILE_DIR_PATH}/Podfile.lock\" \"${PODS_ROOT}/Manifest.lock\" > /dev/null\nif [ $? != 0 ] ; then\n    # print error to STDERR\n    echo \"error: The sandbox is not in sync with the Podfile.lock. Run 'pod install' or update your CocoaPods installation.\" >&2\n    exit 1\nfi\n# This output is used by Xcode 'outputs' to avoid re-running this script phase.\necho \"SUCCESS\" > \"${SCRIPT_OUTPUT_FILE_0}\"\n";
			showEnvVarsInLog = 0;
		};
		8E70901D1199350E0FABDCB3 /* [CP] Check Pods Manifest.lock */ = {
			isa = PBXShellScriptBuildPhase;
			buildActionMask = 2147483647;
			files = (
			);
			inputFileListPaths = (
			);
			inputPaths = (
				"${PODS_PODFILE_DIR_PATH}/Podfile.lock",
				"${PODS_ROOT}/Manifest.lock",
			);
			name = "[CP] Check Pods Manifest.lock";
			outputFileListPaths = (
			);
			outputPaths = (
				"$(DERIVED_FILE_DIR)/Pods-testFirebaseUITests-checkManifestLockResult.txt",
			);
			runOnlyForDeploymentPostprocessing = 0;
			shellPath = /bin/sh;
			shellScript = "diff \"${PODS_PODFILE_DIR_PATH}/Podfile.lock\" \"${PODS_ROOT}/Manifest.lock\" > /dev/null\nif [ $? != 0 ] ; then\n    # print error to STDERR\n    echo \"error: The sandbox is not in sync with the Podfile.lock. Run 'pod install' or update your CocoaPods installation.\" >&2\n    exit 1\nfi\n# This output is used by Xcode 'outputs' to avoid re-running this script phase.\necho \"SUCCESS\" > \"${SCRIPT_OUTPUT_FILE_0}\"\n";
			showEnvVarsInLog = 0;
		};
		B49A2C97827B6D1439FCEB0D /* [CP] Check Pods Manifest.lock */ = {
			isa = PBXShellScriptBuildPhase;
			buildActionMask = 2147483647;
			files = (
			);
			inputFileListPaths = (
			);
			inputPaths = (
				"${PODS_PODFILE_DIR_PATH}/Podfile.lock",
				"${PODS_ROOT}/Manifest.lock",
			);
			name = "[CP] Check Pods Manifest.lock";
			outputFileListPaths = (
			);
			outputPaths = (
				"$(DERIVED_FILE_DIR)/Pods-testFirebaseTests-checkManifestLockResult.txt",
			);
			runOnlyForDeploymentPostprocessing = 0;
			shellPath = /bin/sh;
			shellScript = "diff \"${PODS_PODFILE_DIR_PATH}/Podfile.lock\" \"${PODS_ROOT}/Manifest.lock\" > /dev/null\nif [ $? != 0 ] ; then\n    # print error to STDERR\n    echo \"error: The sandbox is not in sync with the Podfile.lock. Run 'pod install' or update your CocoaPods installation.\" >&2\n    exit 1\nfi\n# This output is used by Xcode 'outputs' to avoid re-running this script phase.\necho \"SUCCESS\" > \"${SCRIPT_OUTPUT_FILE_0}\"\n";
			showEnvVarsInLog = 0;
		};
/* End PBXShellScriptBuildPhase section */

/* Begin PBXSourcesBuildPhase section */
		1A3187BC23B2138A007BFB8E /* Sources */ = {
			isa = PBXSourcesBuildPhase;
			buildActionMask = 2147483647;
			files = (
				1A3187C823B2138A007BFB8E /* ViewController.swift in Sources */,
				1A3187C423B2138A007BFB8E /* AppDelegate.swift in Sources */,
				1A3187C623B2138A007BFB8E /* SceneDelegate.swift in Sources */,
			);
			runOnlyForDeploymentPostprocessing = 0;
		};
		1A3187D223B2138D007BFB8E /* Sources */ = {
			isa = PBXSourcesBuildPhase;
			buildActionMask = 2147483647;
			files = (
				1A3187DB23B2138D007BFB8E /* testFirebaseTests.swift in Sources */,
			);
			runOnlyForDeploymentPostprocessing = 0;
		};
		1A3187DD23B2138D007BFB8E /* Sources */ = {
			isa = PBXSourcesBuildPhase;
			buildActionMask = 2147483647;
			files = (
				1A3187E623B2138D007BFB8E /* testFirebaseUITests.swift in Sources */,
			);
			runOnlyForDeploymentPostprocessing = 0;
		};
		1A3187FB23B21F62007BFB8E /* Sources */ = {
			isa = PBXSourcesBuildPhase;
			buildActionMask = 2147483647;
			files = (
				1A31882E23B220BD007BFB8E /* Object.m in Sources */,
			);
			runOnlyForDeploymentPostprocessing = 0;
		};
		1A31880323B21F62007BFB8E /* Sources */ = {
			isa = PBXSourcesBuildPhase;
			buildActionMask = 2147483647;
			files = (
				1A31880F23B21F62007BFB8E /* iOSFrameworkTests.swift in Sources */,
			);
			runOnlyForDeploymentPostprocessing = 0;
		};
		1A31881D23B21FBE007BFB8E /* Sources */ = {
			isa = PBXSourcesBuildPhase;
			buildActionMask = 2147483647;
			files = (
				1A31882423B21FBE007BFB8E /* iOSStaticLib.swift in Sources */,
			);
			runOnlyForDeploymentPostprocessing = 0;
		};
/* End PBXSourcesBuildPhase section */

/* Begin PBXTargetDependency section */
		1A3187D823B2138D007BFB8E /* PBXTargetDependency */ = {
			isa = PBXTargetDependency;
			target = 1A3187BF23B2138A007BFB8E /* testFirebase */;
			targetProxy = 1A3187D723B2138D007BFB8E /* PBXContainerItemProxy */;
		};
		1A3187E323B2138D007BFB8E /* PBXTargetDependency */ = {
			isa = PBXTargetDependency;
			target = 1A3187BF23B2138A007BFB8E /* testFirebase */;
			targetProxy = 1A3187E223B2138D007BFB8E /* PBXContainerItemProxy */;
		};
		1A31880A23B21F62007BFB8E /* PBXTargetDependency */ = {
			isa = PBXTargetDependency;
			target = 1A3187FE23B21F62007BFB8E /* iOSFramework */;
			targetProxy = 1A31880923B21F62007BFB8E /* PBXContainerItemProxy */;
		};
		1A31880C23B21F62007BFB8E /* PBXTargetDependency */ = {
			isa = PBXTargetDependency;
			target = 1A3187BF23B2138A007BFB8E /* testFirebase */;
			targetProxy = 1A31880B23B21F62007BFB8E /* PBXContainerItemProxy */;
		};
		1A31882A23B2201F007BFB8E /* PBXTargetDependency */ = {
			isa = PBXTargetDependency;
			target = 1A31882023B21FBE007BFB8E /* iOSStaticLib */;
			targetProxy = 1A31882923B2201F007BFB8E /* PBXContainerItemProxy */;
		};
		1A31883D23B2223F007BFB8E /* PBXTargetDependency */ = {
			isa = PBXTargetDependency;
			target = 1A3187FE23B21F62007BFB8E /* iOSFramework */;
			targetProxy = 1A31883C23B2223F007BFB8E /* PBXContainerItemProxy */;
		};
/* End PBXTargetDependency section */

/* Begin PBXVariantGroup section */
		1A3187C923B2138A007BFB8E /* Main.storyboard */ = {
			isa = PBXVariantGroup;
			children = (
				1A3187CA23B2138A007BFB8E /* Base */,
			);
			name = Main.storyboard;
			sourceTree = "<group>";
		};
		1A3187CE23B2138D007BFB8E /* LaunchScreen.storyboard */ = {
			isa = PBXVariantGroup;
			children = (
				1A3187CF23B2138D007BFB8E /* Base */,
			);
			name = LaunchScreen.storyboard;
			sourceTree = "<group>";
		};
/* End PBXVariantGroup section */

/* Begin XCBuildConfiguration section */
		1A3187E823B2138D007BFB8E /* Debug */ = {
			isa = XCBuildConfiguration;
			buildSettings = {
				ALWAYS_SEARCH_USER_PATHS = NO;
				CLANG_ANALYZER_NONNULL = YES;
				CLANG_ANALYZER_NUMBER_OBJECT_CONVERSION = YES_AGGRESSIVE;
				CLANG_CXX_LANGUAGE_STANDARD = "gnu++14";
				CLANG_CXX_LIBRARY = "libc++";
				CLANG_ENABLE_MODULES = YES;
				CLANG_ENABLE_OBJC_ARC = YES;
				CLANG_ENABLE_OBJC_WEAK = YES;
				CLANG_WARN_BLOCK_CAPTURE_AUTORELEASING = YES;
				CLANG_WARN_BOOL_CONVERSION = YES;
				CLANG_WARN_COMMA = YES;
				CLANG_WARN_CONSTANT_CONVERSION = YES;
				CLANG_WARN_DEPRECATED_OBJC_IMPLEMENTATIONS = YES;
				CLANG_WARN_DIRECT_OBJC_ISA_USAGE = YES_ERROR;
				CLANG_WARN_DOCUMENTATION_COMMENTS = YES;
				CLANG_WARN_EMPTY_BODY = YES;
				CLANG_WARN_ENUM_CONVERSION = YES;
				CLANG_WARN_INFINITE_RECURSION = YES;
				CLANG_WARN_INT_CONVERSION = YES;
				CLANG_WARN_NON_LITERAL_NULL_CONVERSION = YES;
				CLANG_WARN_OBJC_IMPLICIT_RETAIN_SELF = YES;
				CLANG_WARN_OBJC_LITERAL_CONVERSION = YES;
				CLANG_WARN_OBJC_ROOT_CLASS = YES_ERROR;
				CLANG_WARN_RANGE_LOOP_ANALYSIS = YES;
				CLANG_WARN_STRICT_PROTOTYPES = YES;
				CLANG_WARN_SUSPICIOUS_MOVE = YES;
				CLANG_WARN_UNGUARDED_AVAILABILITY = YES_AGGRESSIVE;
				CLANG_WARN_UNREACHABLE_CODE = YES;
				CLANG_WARN__DUPLICATE_METHOD_MATCH = YES;
				COPY_PHASE_STRIP = NO;
				DEBUG_INFORMATION_FORMAT = dwarf;
				ENABLE_STRICT_OBJC_MSGSEND = YES;
				ENABLE_TESTABILITY = YES;
				GCC_C_LANGUAGE_STANDARD = gnu11;
				GCC_DYNAMIC_NO_PIC = NO;
				GCC_NO_COMMON_BLOCKS = YES;
				GCC_OPTIMIZATION_LEVEL = 0;
				GCC_PREPROCESSOR_DEFINITIONS = (
					"DEBUG=1",
					"$(inherited)",
				);
				GCC_WARN_64_TO_32_BIT_CONVERSION = YES;
				GCC_WARN_ABOUT_RETURN_TYPE = YES_ERROR;
				GCC_WARN_UNDECLARED_SELECTOR = YES;
				GCC_WARN_UNINITIALIZED_AUTOS = YES_AGGRESSIVE;
				GCC_WARN_UNUSED_FUNCTION = YES;
				GCC_WARN_UNUSED_VARIABLE = YES;
				IPHONEOS_DEPLOYMENT_TARGET = 13.1;
				MTL_ENABLE_DEBUG_INFO = INCLUDE_SOURCE;
				MTL_FAST_MATH = YES;
				ONLY_ACTIVE_ARCH = YES;
				SDKROOT = iphoneos;
				SWIFT_ACTIVE_COMPILATION_CONDITIONS = DEBUG;
				SWIFT_OPTIMIZATION_LEVEL = "-Onone";
			};
			name = Debug;
		};
		1A3187E923B2138D007BFB8E /* Release */ = {
			isa = XCBuildConfiguration;
			buildSettings = {
				ALWAYS_SEARCH_USER_PATHS = NO;
				CLANG_ANALYZER_NONNULL = YES;
				CLANG_ANALYZER_NUMBER_OBJECT_CONVERSION = YES_AGGRESSIVE;
				CLANG_CXX_LANGUAGE_STANDARD = "gnu++14";
				CLANG_CXX_LIBRARY = "libc++";
				CLANG_ENABLE_MODULES = YES;
				CLANG_ENABLE_OBJC_ARC = YES;
				CLANG_ENABLE_OBJC_WEAK = YES;
				CLANG_WARN_BLOCK_CAPTURE_AUTORELEASING = YES;
				CLANG_WARN_BOOL_CONVERSION = YES;
				CLANG_WARN_COMMA = YES;
				CLANG_WARN_CONSTANT_CONVERSION = YES;
				CLANG_WARN_DEPRECATED_OBJC_IMPLEMENTATIONS = YES;
				CLANG_WARN_DIRECT_OBJC_ISA_USAGE = YES_ERROR;
				CLANG_WARN_DOCUMENTATION_COMMENTS = YES;
				CLANG_WARN_EMPTY_BODY = YES;
				CLANG_WARN_ENUM_CONVERSION = YES;
				CLANG_WARN_INFINITE_RECURSION = YES;
				CLANG_WARN_INT_CONVERSION = YES;
				CLANG_WARN_NON_LITERAL_NULL_CONVERSION = YES;
				CLANG_WARN_OBJC_IMPLICIT_RETAIN_SELF = YES;
				CLANG_WARN_OBJC_LITERAL_CONVERSION = YES;
				CLANG_WARN_OBJC_ROOT_CLASS = YES_ERROR;
				CLANG_WARN_RANGE_LOOP_ANALYSIS = YES;
				CLANG_WARN_STRICT_PROTOTYPES = YES;
				CLANG_WARN_SUSPICIOUS_MOVE = YES;
				CLANG_WARN_UNGUARDED_AVAILABILITY = YES_AGGRESSIVE;
				CLANG_WARN_UNREACHABLE_CODE = YES;
				CLANG_WARN__DUPLICATE_METHOD_MATCH = YES;
				COPY_PHASE_STRIP = NO;
				DEBUG_INFORMATION_FORMAT = "dwarf-with-dsym";
				ENABLE_NS_ASSERTIONS = NO;
				ENABLE_STRICT_OBJC_MSGSEND = YES;
				GCC_C_LANGUAGE_STANDARD = gnu11;
				GCC_NO_COMMON_BLOCKS = YES;
				GCC_WARN_64_TO_32_BIT_CONVERSION = YES;
				GCC_WARN_ABOUT_RETURN_TYPE = YES_ERROR;
				GCC_WARN_UNDECLARED_SELECTOR = YES;
				GCC_WARN_UNINITIALIZED_AUTOS = YES_AGGRESSIVE;
				GCC_WARN_UNUSED_FUNCTION = YES;
				GCC_WARN_UNUSED_VARIABLE = YES;
				IPHONEOS_DEPLOYMENT_TARGET = 13.1;
				MTL_ENABLE_DEBUG_INFO = NO;
				MTL_FAST_MATH = YES;
				SDKROOT = iphoneos;
				SWIFT_COMPILATION_MODE = wholemodule;
				SWIFT_OPTIMIZATION_LEVEL = "-O";
				VALIDATE_PRODUCT = YES;
			};
			name = Release;
		};
		1A3187EB23B2138D007BFB8E /* Debug */ = {
			isa = XCBuildConfiguration;
			baseConfigurationReference = 3E7C436A03891B11CEE8C7FE /* Pods-testFirebase.debug.xcconfig */;
			buildSettings = {
				ASSETCATALOG_COMPILER_APPICON_NAME = AppIcon;
				CLANG_ENABLE_MODULES = YES;
				CODE_SIGN_ENTITLEMENTS = testFirebase/testFirebase.entitlements;
				CODE_SIGN_STYLE = Automatic;
				DERIVE_MACCATALYST_PRODUCT_BUNDLE_IDENTIFIER = YES;
				DEVELOPMENT_TEAM = H5BVQ8XRL4;
				FRAMEWORK_SEARCH_PATHS = (
					"$(inherited)",
					"$(PROJECT_DIR)/testFirebase",
				);
				INFOPLIST_FILE = testFirebase/Info.plist;
				LD_RUNPATH_SEARCH_PATHS = (
					"$(inherited)",
					"@executable_path/Frameworks",
				);
				PRODUCT_BUNDLE_IDENTIFIER = com.goodnotes.testFirebase;
				PRODUCT_NAME = "$(TARGET_NAME)";
				SUPPORTS_MACCATALYST = YES;
				SWIFT_OBJC_BRIDGING_HEADER = "testFirebase/testFirebase-Bridging-Header.h";
				SWIFT_OPTIMIZATION_LEVEL = "-Onone";
				SWIFT_VERSION = 5.0;
				TARGETED_DEVICE_FAMILY = "1,2";
			};
			name = Debug;
		};
		1A3187EC23B2138D007BFB8E /* Release */ = {
			isa = XCBuildConfiguration;
			baseConfigurationReference = 513EADD811D5AFC9AA2E7C85 /* Pods-testFirebase.release.xcconfig */;
			buildSettings = {
				ASSETCATALOG_COMPILER_APPICON_NAME = AppIcon;
				CLANG_ENABLE_MODULES = YES;
				CODE_SIGN_ENTITLEMENTS = testFirebase/testFirebase.entitlements;
				CODE_SIGN_STYLE = Automatic;
				DERIVE_MACCATALYST_PRODUCT_BUNDLE_IDENTIFIER = YES;
				DEVELOPMENT_TEAM = H5BVQ8XRL4;
				FRAMEWORK_SEARCH_PATHS = (
					"$(inherited)",
					"$(PROJECT_DIR)/testFirebase",
				);
				INFOPLIST_FILE = testFirebase/Info.plist;
				LD_RUNPATH_SEARCH_PATHS = (
					"$(inherited)",
					"@executable_path/Frameworks",
				);
				PRODUCT_BUNDLE_IDENTIFIER = com.goodnotes.testFirebase;
				PRODUCT_NAME = "$(TARGET_NAME)";
				SUPPORTS_MACCATALYST = YES;
				SWIFT_OBJC_BRIDGING_HEADER = "testFirebase/testFirebase-Bridging-Header.h";
				SWIFT_VERSION = 5.0;
				TARGETED_DEVICE_FAMILY = "1,2";
			};
			name = Release;
		};
		1A3187EE23B2138D007BFB8E /* Debug */ = {
			isa = XCBuildConfiguration;
			baseConfigurationReference = 63F2565DAD450A0A859F5F50 /* Pods-testFirebaseTests.debug.xcconfig */;
			buildSettings = {
				ALWAYS_EMBED_SWIFT_STANDARD_LIBRARIES = YES;
				BUNDLE_LOADER = "$(TEST_HOST)";
				CODE_SIGN_STYLE = Automatic;
				INFOPLIST_FILE = testFirebaseTests/Info.plist;
				IPHONEOS_DEPLOYMENT_TARGET = 13.1;
				LD_RUNPATH_SEARCH_PATHS = (
					"$(inherited)",
					"@executable_path/Frameworks",
					"@loader_path/Frameworks",
				);
				PRODUCT_BUNDLE_IDENTIFIER = com.goodnotes.testFirebaseTests;
				PRODUCT_NAME = "$(TARGET_NAME)";
				SWIFT_VERSION = 5.0;
				TARGETED_DEVICE_FAMILY = "1,2";
				TEST_HOST = "$(BUILT_PRODUCTS_DIR)/testFirebase.app/testFirebase";
			};
			name = Debug;
		};
		1A3187EF23B2138D007BFB8E /* Release */ = {
			isa = XCBuildConfiguration;
			baseConfigurationReference = F2EBEB96E50CD852B256C95D /* Pods-testFirebaseTests.release.xcconfig */;
			buildSettings = {
				ALWAYS_EMBED_SWIFT_STANDARD_LIBRARIES = YES;
				BUNDLE_LOADER = "$(TEST_HOST)";
				CODE_SIGN_STYLE = Automatic;
				INFOPLIST_FILE = testFirebaseTests/Info.plist;
				IPHONEOS_DEPLOYMENT_TARGET = 13.1;
				LD_RUNPATH_SEARCH_PATHS = (
					"$(inherited)",
					"@executable_path/Frameworks",
					"@loader_path/Frameworks",
				);
				PRODUCT_BUNDLE_IDENTIFIER = com.goodnotes.testFirebaseTests;
				PRODUCT_NAME = "$(TARGET_NAME)";
				SWIFT_VERSION = 5.0;
				TARGETED_DEVICE_FAMILY = "1,2";
				TEST_HOST = "$(BUILT_PRODUCTS_DIR)/testFirebase.app/testFirebase";
			};
			name = Release;
		};
		1A3187F123B2138D007BFB8E /* Debug */ = {
			isa = XCBuildConfiguration;
			baseConfigurationReference = 1E00961190BE6CA9D656C9B1 /* Pods-testFirebaseUITests.debug.xcconfig */;
			buildSettings = {
				ALWAYS_EMBED_SWIFT_STANDARD_LIBRARIES = YES;
				CODE_SIGN_STYLE = Automatic;
				INFOPLIST_FILE = testFirebaseUITests/Info.plist;
				LD_RUNPATH_SEARCH_PATHS = (
					"$(inherited)",
					"@executable_path/Frameworks",
					"@loader_path/Frameworks",
				);
				PRODUCT_BUNDLE_IDENTIFIER = com.goodnotes.testFirebaseUITests;
				PRODUCT_NAME = "$(TARGET_NAME)";
				SWIFT_VERSION = 5.0;
				TARGETED_DEVICE_FAMILY = "1,2";
				TEST_TARGET_NAME = testFirebase;
			};
			name = Debug;
		};
		1A3187F223B2138D007BFB8E /* Release */ = {
			isa = XCBuildConfiguration;
			baseConfigurationReference = A6C05B81A9C6DF2AB315FBD6 /* Pods-testFirebaseUITests.release.xcconfig */;
			buildSettings = {
				ALWAYS_EMBED_SWIFT_STANDARD_LIBRARIES = YES;
				CODE_SIGN_STYLE = Automatic;
				INFOPLIST_FILE = testFirebaseUITests/Info.plist;
				LD_RUNPATH_SEARCH_PATHS = (
					"$(inherited)",
					"@executable_path/Frameworks",
					"@loader_path/Frameworks",
				);
				PRODUCT_BUNDLE_IDENTIFIER = com.goodnotes.testFirebaseUITests;
				PRODUCT_NAME = "$(TARGET_NAME)";
				SWIFT_VERSION = 5.0;
				TARGETED_DEVICE_FAMILY = "1,2";
				TEST_TARGET_NAME = testFirebase;
			};
			name = Release;
		};
		1A31881723B21F62007BFB8E /* Debug */ = {
			isa = XCBuildConfiguration;
			buildSettings = {
				CODE_SIGN_STYLE = Automatic;
				CURRENT_PROJECT_VERSION = 1;
				DEFINES_MODULE = YES;
				DERIVE_MACCATALYST_PRODUCT_BUNDLE_IDENTIFIER = NO;
				DEVELOPMENT_TEAM = H5BVQ8XRL4;
				INFOPLIST_FILE = iOSFramework/Info.plist;
				INSTALL_PATH = "$(LOCAL_LIBRARY_DIR)/Frameworks";
				MACH_O_TYPE = staticlib;
				PRODUCT_BUNDLE_IDENTIFIER = com.goodnotes.iOSFramework;
				PRODUCT_NAME = "$(TARGET_NAME:c99extidentifier)";
				SKIP_INSTALL = YES;
				SUPPORTS_MACCATALYST = YES;
				SWIFT_VERSION = 5.0;
				TARGETED_DEVICE_FAMILY = "1,2";
				VERSIONING_SYSTEM = "apple-generic";
				VERSION_INFO_PREFIX = "";
			};
			name = Debug;
		};
		1A31881823B21F62007BFB8E /* Release */ = {
			isa = XCBuildConfiguration;
			buildSettings = {
				CODE_SIGN_STYLE = Automatic;
				CURRENT_PROJECT_VERSION = 1;
				DEFINES_MODULE = YES;
				DERIVE_MACCATALYST_PRODUCT_BUNDLE_IDENTIFIER = NO;
				DEVELOPMENT_TEAM = H5BVQ8XRL4;
				INFOPLIST_FILE = iOSFramework/Info.plist;
				INSTALL_PATH = "$(LOCAL_LIBRARY_DIR)/Frameworks";
				MACH_O_TYPE = staticlib;
				PRODUCT_BUNDLE_IDENTIFIER = com.goodnotes.iOSFramework;
				PRODUCT_NAME = "$(TARGET_NAME:c99extidentifier)";
				SKIP_INSTALL = YES;
				SUPPORTS_MACCATALYST = YES;
				SWIFT_VERSION = 5.0;
				TARGETED_DEVICE_FAMILY = "1,2";
				VERSIONING_SYSTEM = "apple-generic";
				VERSION_INFO_PREFIX = "";
			};
			name = Release;
		};
		1A31881B23B21F62007BFB8E /* Debug */ = {
			isa = XCBuildConfiguration;
			buildSettings = {
				ALWAYS_EMBED_SWIFT_STANDARD_LIBRARIES = YES;
				CODE_SIGN_STYLE = Automatic;
				INFOPLIST_FILE = iOSFrameworkTests/Info.plist;
				LD_RUNPATH_SEARCH_PATHS = (
					"$(inherited)",
					"@executable_path/Frameworks",
					"@loader_path/Frameworks",
				);
				PRODUCT_BUNDLE_IDENTIFIER = com.goodnotes.iOSFrameworkTests;
				PRODUCT_NAME = "$(TARGET_NAME)";
				SWIFT_VERSION = 5.0;
				TARGETED_DEVICE_FAMILY = "1,2";
				TEST_HOST = "$(BUILT_PRODUCTS_DIR)/testFirebase.app/testFirebase";
			};
			name = Debug;
		};
		1A31881C23B21F62007BFB8E /* Release */ = {
			isa = XCBuildConfiguration;
			buildSettings = {
				ALWAYS_EMBED_SWIFT_STANDARD_LIBRARIES = YES;
				CODE_SIGN_STYLE = Automatic;
				INFOPLIST_FILE = iOSFrameworkTests/Info.plist;
				LD_RUNPATH_SEARCH_PATHS = (
					"$(inherited)",
					"@executable_path/Frameworks",
					"@loader_path/Frameworks",
				);
				PRODUCT_BUNDLE_IDENTIFIER = com.goodnotes.iOSFrameworkTests;
				PRODUCT_NAME = "$(TARGET_NAME)";
				SWIFT_VERSION = 5.0;
				TARGETED_DEVICE_FAMILY = "1,2";
				TEST_HOST = "$(BUILT_PRODUCTS_DIR)/testFirebase.app/testFirebase";
			};
			name = Release;
		};
		1A31882623B21FBE007BFB8E /* Debug */ = {
			isa = XCBuildConfiguration;
			buildSettings = {
				CODE_SIGN_STYLE = Automatic;
				DERIVE_MACCATALYST_PRODUCT_BUNDLE_IDENTIFIER = NO;
				OTHER_LDFLAGS = "-ObjC";
				PRODUCT_NAME = "$(TARGET_NAME)";
				SKIP_INSTALL = YES;
				SUPPORTS_MACCATALYST = YES;
				SWIFT_VERSION = 5.0;
				TARGETED_DEVICE_FAMILY = "1,2";
			};
			name = Debug;
		};
		1A31882723B21FBE007BFB8E /* Release */ = {
			isa = XCBuildConfiguration;
			buildSettings = {
				CODE_SIGN_STYLE = Automatic;
				DERIVE_MACCATALYST_PRODUCT_BUNDLE_IDENTIFIER = NO;
				OTHER_LDFLAGS = "-ObjC";
				PRODUCT_NAME = "$(TARGET_NAME)";
				SKIP_INSTALL = YES;
				SUPPORTS_MACCATALYST = YES;
				SWIFT_VERSION = 5.0;
				TARGETED_DEVICE_FAMILY = "1,2";
			};
			name = Release;
		};
/* End XCBuildConfiguration section */

/* Begin XCConfigurationList section */
		1A3187BB23B2138A007BFB8E /* Build configuration list for PBXProject "testFirebase" */ = {
			isa = XCConfigurationList;
			buildConfigurations = (
				1A3187E823B2138D007BFB8E /* Debug */,
				1A3187E923B2138D007BFB8E /* Release */,
			);
			defaultConfigurationIsVisible = 0;
			defaultConfigurationName = Release;
		};
		1A3187EA23B2138D007BFB8E /* Build configuration list for PBXNativeTarget "testFirebase" */ = {
			isa = XCConfigurationList;
			buildConfigurations = (
				1A3187EB23B2138D007BFB8E /* Debug */,
				1A3187EC23B2138D007BFB8E /* Release */,
			);
			defaultConfigurationIsVisible = 0;
			defaultConfigurationName = Release;
		};
		1A3187ED23B2138D007BFB8E /* Build configuration list for PBXNativeTarget "testFirebaseTests" */ = {
			isa = XCConfigurationList;
			buildConfigurations = (
				1A3187EE23B2138D007BFB8E /* Debug */,
				1A3187EF23B2138D007BFB8E /* Release */,
			);
			defaultConfigurationIsVisible = 0;
			defaultConfigurationName = Release;
		};
		1A3187F023B2138D007BFB8E /* Build configuration list for PBXNativeTarget "testFirebaseUITests" */ = {
			isa = XCConfigurationList;
			buildConfigurations = (
				1A3187F123B2138D007BFB8E /* Debug */,
				1A3187F223B2138D007BFB8E /* Release */,
			);
			defaultConfigurationIsVisible = 0;
			defaultConfigurationName = Release;
		};
		1A31881623B21F62007BFB8E /* Build configuration list for PBXNativeTarget "iOSFramework" */ = {
			isa = XCConfigurationList;
			buildConfigurations = (
				1A31881723B21F62007BFB8E /* Debug */,
				1A31881823B21F62007BFB8E /* Release */,
			);
			defaultConfigurationIsVisible = 0;
			defaultConfigurationName = Release;
		};
		1A31881A23B21F62007BFB8E /* Build configuration list for PBXNativeTarget "iOSFrameworkTests" */ = {
			isa = XCConfigurationList;
			buildConfigurations = (
				1A31881B23B21F62007BFB8E /* Debug */,
				1A31881C23B21F62007BFB8E /* Release */,
			);
			defaultConfigurationIsVisible = 0;
			defaultConfigurationName = Release;
		};
		1A31882523B21FBE007BFB8E /* Build configuration list for PBXNativeTarget "iOSStaticLib" */ = {
			isa = XCConfigurationList;
			buildConfigurations = (
				1A31882623B21FBE007BFB8E /* Debug */,
				1A31882723B21FBE007BFB8E /* Release */,
			);
			defaultConfigurationIsVisible = 0;
			defaultConfigurationName = Release;
		};
/* End XCConfigurationList section */
	};
	rootObject = 1A3187B823B2138A007BFB8E /* Project object */;
}
